Microsoft Visual Studio Solution File, Format Version 12.00
# Visual Studio Version 17
VisualStudioVersion = 17.5.2.0
MinimumVisualStudioVersion = 10.0.40219.1
Project("{FAE04EC0-301F-11D3-BF4B-00C04F79EFBC}") = "TaskBackend", "TaskBackend\TaskBackend.csproj", "{38A5692A-F6AC-03D4-F640-E95E9DB86AC0}"
EndProject
Global
	GlobalSection(SolutionConfigurationPlatforms) = preSolution
		Debug|Any CPU = Debug|Any CPU
		Release|Any CPU = Release|Any CPU
	EndGlobalSection
	GlobalSection(ProjectConfigurationPlatforms) = postSolution
		{38A5692A-F6AC-03D4-F640-E95E9DB86AC0}.Debug|Any CPU.ActiveCfg = Debug|Any CPU
		{38A5692A-F6AC-03D4-F640-E95E9DB86AC0}.Debug|Any CPU.Build.0 = Debug|Any CPU
		{38A5692A-F6AC-03D4-F640-E95E9DB86AC0}.Release|Any CPU.ActiveCfg = Release|Any CPU
		{38A5692A-F6AC-03D4-F640-E95E9DB86AC0}.Release|Any CPU.Build.0 = Release|Any CPU
	EndGlobalSection
	GlobalSection(SolutionProperties) = preSolution
		HideSolutionNode = FALSE
	EndGlobalSection
	GlobalSection(ExtensibilityGlobals) = postSolution
		SolutionGuid = {0696B62D-19A5-44AF-BD0F-F69D4F6E8FC9}
	EndGlobalSection
EndGlobal
